{
  "name": "distributed-workers",
  "version": "0.0.0",
  "lockfileVersion": 3,
  "requires": true,
  "packages": {
    "": {
      "name": "distributed-workers",
      "version": "0.0.0",
      "license": "MIT",
      "dependencies": {
        "jackd": "^4.0.8"
      }
    },
    "node_modules/argparse": {
      "version": "2.0.1",
      "resolved": "https://registry.npmjs.org/argparse/-/argparse-2.0.1.tgz",
      "integrity": "sha512-8+9WqebbFzpX9OR+Wa6O29asIogeRMzcGtAINdpMHHyAg10f05aSFVBbcEqGf/PXw1EjAZ+q2/bEBg3DvurK3Q==",
      "license": "Python-2.0"
    },
    "node_modules/jackd": {
      "version": "4.0.8",
      "resolved": "https://registry.npmjs.org/jackd/-/jackd-4.0.8.tgz",
      "integrity": "sha512-pOiNZopeXaJ4cwJBVCPdabfHHoIWW17gVkJP/zYyjnxq9J7G676H9pRwwC4HEB+8HeBOPid/lzN1DMZtc460/Q==",
      "license": "MIT",
      "dependencies": {
        "js-yaml": "^4.1.0"
      }
    },
    "node_modules/js-yaml": {
      "version": "4.1.0",
      "resolved": "https://registry.npmjs.org/js-yaml/-/js-yaml-4.1.0.tgz",
      "integrity": "sha512-wpxZs9NoxZaJESJGIZTyDEaYpl0FKSA+FB9aJiyemKhMwkxQg63h4T1KJgUGHpTqPDNRcmmYLugrRjJlBtWvRA==",
      "license": "MIT",
      "dependencies": {
        "argparse": "^2.0.1"
      },
      "bin": {
        "js-yaml": "bin/js-yaml.js"
      }
    }
  }
}
